
Microsoft Visual Studio Solution File, Format Version 12.00
# Visual Studio Version 17
VisualStudioVersion = 17.7.34221.43
MinimumVisualStudioVersion = 10.0.40219.1
Project("{FAE04EC0-301F-11D3-BF4B-00C04F79EFBC}") = "CP-Final", "CP-Final\CP-Final.csproj", "{071B295D-1A7F-48ED-924C-DBFC2E45A063}"
EndProject
Global
	GlobalSection(SolutionConfigurationPlatforms) = preSolution
		Debug|Any CPU = Debug|Any CPU
		Release|Any CPU = Release|Any CPU
	EndGlobalSection
	GlobalSection(ProjectConfigurationPlatforms) = postSolution
		{071B295D-1A7F-48ED-924C-DBFC2E45A063}.Debug|Any CPU.ActiveCfg = Debug|Any CPU
		{071B295D-1A7F-48ED-924C-DBFC2E45A063}.Debug|Any CPU.Build.0 = Debug|Any CPU
		{071B295D-1A7F-48ED-924C-DBFC2E45A063}.Release|Any CPU.ActiveCfg = Release|Any CPU
		{071B295D-1A7F-48ED-924C-DBFC2E45A063}.Release|Any CPU.Build.0 = Release|Any CPU
	EndGlobalSection
	GlobalSection(SolutionProperties) = preSolution
		HideSolutionNode = FALSE
	EndGlobalSection
	GlobalSection(ExtensibilityGlobals) = postSolution
		SolutionGuid = {C1F365B3-92C4-4CE3-AEB3-EAC6154D7570}
	EndGlobalSection
EndGlobal
